
Microsoft Visual Studio Solution File, Format Version 12.00
# Visual Studio Version 17
VisualStudioVersion = 17.7.34031.279
MinimumVisualStudioVersion = 10.0.40219.1
Project("{FAE04EC0-301F-11D3-BF4B-00C04F79EFBC}") = "CSCI213_Assignment4", "CSCI213_Assignment4.csproj", "{9717E35F-A4B5-46B5-A9E2-3595E8C471DE}"
EndProject
Global
	GlobalSection(SolutionConfigurationPlatforms) = preSolution
		Debug|Any CPU = Debug|Any CPU
		Release|Any CPU = Release|Any CPU
	EndGlobalSection
	GlobalSection(ProjectConfigurationPlatforms) = postSolution
		{9717E35F-A4B5-46B5-A9E2-3595E8C471DE}.Debug|Any CPU.ActiveCfg = Debug|Any CPU
		{9717E35F-A4B5-46B5-A9E2-3595E8C471DE}.Debug|Any CPU.Build.0 = Debug|Any CPU
		{9717E35F-A4B5-46B5-A9E2-3595E8C471DE}.Release|Any CPU.ActiveCfg = Release|Any CPU
		{9717E35F-A4B5-46B5-A9E2-3595E8C471DE}.Release|Any CPU.Build.0 = Release|Any CPU
	EndGlobalSection
	GlobalSection(SolutionProperties) = preSolution
		HideSolutionNode = FALSE
	EndGlobalSection
	GlobalSection(ExtensibilityGlobals) = postSolution
		SolutionGuid = {7E9B4346-52A4-4C2E-913D-DE92F907AF77}
	EndGlobalSection
EndGlobal
